
Microsoft Visual Studio Solution File, Format Version 12.00
# Visual Studio Version 16
VisualStudioVersion = 16.0.29613.14
MinimumVisualStudioVersion = 10.0.40219.1
Project("{9A19103F-16F7-4668-BE54-9A1E7A4F7556}") = "Endevrian", "Endevrian.csproj", "{FA025815-986E-4419-82E8-AA8582177E49}"
EndProject
Project("{FAE04EC0-301F-11D3-BF4B-00C04F79EFBC}") = "Endevrian.Tests", "..\Endevrian.Tests\Endevrian.Tests.csproj", "{F2D5EE38-3EBE-456A-B1C4-AA253862DE67}"
EndProject
Global
	GlobalSection(SolutionConfigurationPlatforms) = preSolution
		Debug|Any CPU = Debug|Any CPU
		Release|Any CPU = Release|Any CPU
	EndGlobalSection
	GlobalSection(ProjectConfigurationPlatforms) = postSolution
		{FA025815-986E-4419-82E8-AA8582177E49}.Debug|Any CPU.ActiveCfg = Debug|Any CPU
		{FA025815-986E-4419-82E8-AA8582177E49}.Debug|Any CPU.Build.0 = Debug|Any CPU
		{FA025815-986E-4419-82E8-AA8582177E49}.Release|Any CPU.ActiveCfg = Release|Any CPU
		{FA025815-986E-4419-82E8-AA8582177E49}.Release|Any CPU.Build.0 = Release|Any CPU
		{F2D5EE38-3EBE-456A-B1C4-AA253862DE67}.Debug|Any CPU.ActiveCfg = Debug|Any CPU
		{F2D5EE38-3EBE-456A-B1C4-AA253862DE67}.Debug|Any CPU.Build.0 = Debug|Any CPU
		{F2D5EE38-3EBE-456A-B1C4-AA253862DE67}.Release|Any CPU.ActiveCfg = Release|Any CPU
		{F2D5EE38-3EBE-456A-B1C4-AA253862DE67}.Release|Any CPU.Build.0 = Release|Any CPU
	EndGlobalSection
	GlobalSection(SolutionProperties) = preSolution
		HideSolutionNode = FALSE
	EndGlobalSection
	GlobalSection(ExtensibilityGlobals) = postSolution
		SolutionGuid = {361E7D32-4E40-434F-A36B-3DB39B7738A4}
	EndGlobalSection
EndGlobal
